
Microsoft Visual Studio Solution File, Format Version 12.00
# Visual Studio 2013
VisualStudioVersion = 12.0.31101.0
MinimumVisualStudioVersion = 10.0.40219.1
Project("{FAE04EC0-301F-11D3-BF4B-00C04F79EFBC}") = "Battleborn", "Battleborn\Battleborn\Battleborn.csproj", "{D0087673-4D24-4596-A66F-20156D81FE44}"
EndProject
Project("{FAE04EC0-301F-11D3-BF4B-00C04F79EFBC}") = "BattlebornContent", "Battleborn\BattlebornContent\BattlebornContent.contentproj", "{81B27F4D-3E89-447D-BF42-9492A1BF7599}"
EndProject
Project("{FAE04EC0-301F-11D3-BF4B-00C04F79EFBC}") = "Monocle", "Monocle\Monocle\Monocle.csproj", "{25D1847C-BCB0-4D6F-BBA5-CD1DC9B8D295}"
EndProject
Project("{FAE04EC0-301F-11D3-BF4B-00C04F79EFBC}") = "Battleborn.Windows", "Battleborn.Windows\Battleborn.Windows\Battleborn.Windows.csproj", "{08EE2F98-8CB1-41D1-8D7D-E61D4782825B}"
EndProject
Project("{96E2B04D-8817-42C6-938A-82C39BA4D311}") = "Battleborn.WindowsContent", "Battleborn.Windows\Battleborn.WindowsContent\Battleborn.WindowsContent.contentproj", "{53F9B2E4-C56A-40F2-BCA8-BBA65B4AF38F}"
EndProject
Global
	GlobalSection(SolutionConfigurationPlatforms) = preSolution
		Android|Any CPU = Android|Any CPU
		Android|Mixed Platforms = Android|Mixed Platforms
		Android|x86 = Android|x86
		Debug|Any CPU = Debug|Any CPU
		Debug|Mixed Platforms = Debug|Mixed Platforms
		Debug|x86 = Debug|x86
		iOS|Any CPU = iOS|Any CPU
		iOS|Mixed Platforms = iOS|Mixed Platforms
		iOS|x86 = iOS|x86
		Linux|Any CPU = Linux|Any CPU
		Linux|Mixed Platforms = Linux|Mixed Platforms
		Linux|x86 = Linux|x86
		OSX|Any CPU = OSX|Any CPU
		OSX|Mixed Platforms = OSX|Mixed Platforms
		OSX|x86 = OSX|x86
		PSM|Any CPU = PSM|Any CPU
		PSM|Mixed Platforms = PSM|Mixed Platforms
		PSM|x86 = PSM|x86
		Release|Any CPU = Release|Any CPU
		Release|Mixed Platforms = Release|Mixed Platforms
		Release|x86 = Release|x86
		Windows|Any CPU = Windows|Any CPU
		Windows|Mixed Platforms = Windows|Mixed Platforms
		Windows|x86 = Windows|x86
		Windows8|Any CPU = Windows8|Any CPU
		Windows8|Mixed Platforms = Windows8|Mixed Platforms
		Windows8|x86 = Windows8|x86
	EndGlobalSection
	GlobalSection(ProjectConfigurationPlatforms) = postSolution
		{D0087673-4D24-4596-A66F-20156D81FE44}.Android|Any CPU.ActiveCfg = Android|Any CPU
		{D0087673-4D24-4596-A66F-20156D81FE44}.Android|Any CPU.Build.0 = Android|Any CPU
		{D0087673-4D24-4596-A66F-20156D81FE44}.Android|Mixed Platforms.ActiveCfg = Android|Any CPU
		{D0087673-4D24-4596-A66F-20156D81FE44}.Android|Mixed Platforms.Build.0 = Android|Any CPU
		{D0087673-4D24-4596-A66F-20156D81FE44}.Android|x86.ActiveCfg = Android|Any CPU
		{D0087673-4D24-4596-A66F-20156D81FE44}.Debug|Any CPU.ActiveCfg = PSM|Any CPU
		{D0087673-4D24-4596-A66F-20156D81FE44}.Debug|Any CPU.Build.0 = PSM|Any CPU
		{D0087673-4D24-4596-A66F-20156D81FE44}.Debug|Mixed Platforms.ActiveCfg = PSM|Any CPU
		{D0087673-4D24-4596-A66F-20156D81FE44}.Debug|Mixed Platforms.Build.0 = PSM|Any CPU
		{D0087673-4D24-4596-A66F-20156D81FE44}.Debug|x86.ActiveCfg = PSM|Any CPU
		{D0087673-4D24-4596-A66F-20156D81FE44}.iOS|Any CPU.ActiveCfg = iOS|Any CPU
		{D0087673-4D24-4596-A66F-20156D81FE44}.iOS|Any CPU.Build.0 = iOS|Any CPU
		{D0087673-4D24-4596-A66F-20156D81FE44}.iOS|Mixed Platforms.ActiveCfg = iOS|Any CPU
		{D0087673-4D24-4596-A66F-20156D81FE44}.iOS|Mixed Platforms.Build.0 = iOS|Any CPU
		{D0087673-4D24-4596-A66F-20156D81FE44}.iOS|x86.ActiveCfg = iOS|Any CPU
		{D0087673-4D24-4596-A66F-20156D81FE44}.Linux|Any CPU.ActiveCfg = Linux|Any CPU
		{D0087673-4D24-4596-A66F-20156D81FE44}.Linux|Any CPU.Build.0 = Linux|Any CPU
		{D0087673-4D24-4596-A66F-20156D81FE44}.Linux|Mixed Platforms.ActiveCfg = Linux|Any CPU
		{D0087673-4D24-4596-A66F-20156D81FE44}.Linux|Mixed Platforms.Build.0 = Linux|Any CPU
		{D0087673-4D24-4596-A66F-20156D81FE44}.Linux|x86.ActiveCfg = Linux|Any CPU
		{D0087673-4D24-4596-A66F-20156D81FE44}.OSX|Any CPU.ActiveCfg = OSX|Any CPU
		{D0087673-4D24-4596-A66F-20156D81FE44}.OSX|Any CPU.Build.0 = OSX|Any CPU
		{D0087673-4D24-4596-A66F-20156D81FE44}.OSX|Mixed Platforms.ActiveCfg = OSX|Any CPU
		{D0087673-4D24-4596-A66F-20156D81FE44}.OSX|Mixed Platforms.Build.0 = OSX|Any CPU
		{D0087673-4D24-4596-A66F-20156D81FE44}.OSX|x86.ActiveCfg = OSX|Any CPU
		{D0087673-4D24-4596-A66F-20156D81FE44}.PSM|Any CPU.ActiveCfg = PSM|Any CPU
		{D0087673-4D24-4596-A66F-20156D81FE44}.PSM|Any CPU.Build.0 = PSM|Any CPU
		{D0087673-4D24-4596-A66F-20156D81FE44}.PSM|Mixed Platforms.ActiveCfg = PSM|Any CPU
		{D0087673-4D24-4596-A66F-20156D81FE44}.PSM|Mixed Platforms.Build.0 = PSM|Any CPU
		{D0087673-4D24-4596-A66F-20156D81FE44}.PSM|x86.ActiveCfg = PSM|Any CPU
		{D0087673-4D24-4596-A66F-20156D81FE44}.Release|Any CPU.ActiveCfg = PSM|Any CPU
		{D0087673-4D24-4596-A66F-20156D81FE44}.Release|Any CPU.Build.0 = PSM|Any CPU
		{D0087673-4D24-4596-A66F-20156D81FE44}.Release|Mixed Platforms.ActiveCfg = PSM|Any CPU
		{D0087673-4D24-4596-A66F-20156D81FE44}.Release|Mixed Platforms.Build.0 = PSM|Any CPU
		{D0087673-4D24-4596-A66F-20156D81FE44}.Release|x86.ActiveCfg = PSM|Any CPU
		{D0087673-4D24-4596-A66F-20156D81FE44}.Windows|Any CPU.ActiveCfg = Windows|Any CPU
		{D0087673-4D24-4596-A66F-20156D81FE44}.Windows|Any CPU.Build.0 = Windows|Any CPU
		{D0087673-4D24-4596-A66F-20156D81FE44}.Windows|Mixed Platforms.ActiveCfg = Windows|Any CPU
		{D0087673-4D24-4596-A66F-20156D81FE44}.Windows|Mixed Platforms.Build.0 = Windows|Any CPU
		{D0087673-4D24-4596-A66F-20156D81FE44}.Windows|x86.ActiveCfg = Windows|Any CPU
		{D0087673-4D24-4596-A66F-20156D81FE44}.Windows8|Any CPU.ActiveCfg = Windows8|Any CPU
		{D0087673-4D24-4596-A66F-20156D81FE44}.Windows8|Any CPU.Build.0 = Windows8|Any CPU
		{D0087673-4D24-4596-A66F-20156D81FE44}.Windows8|Mixed Platforms.ActiveCfg = Windows8|Any CPU
		{D0087673-4D24-4596-A66F-20156D81FE44}.Windows8|Mixed Platforms.Build.0 = Windows8|Any CPU
		{D0087673-4D24-4596-A66F-20156D81FE44}.Windows8|x86.ActiveCfg = Windows8|Any CPU
		{81B27F4D-3E89-447D-BF42-9492A1BF7599}.Android|Any CPU.ActiveCfg = Android|Any CPU
		{81B27F4D-3E89-447D-BF42-9492A1BF7599}.Android|Mixed Platforms.ActiveCfg = Android|Any CPU
		{81B27F4D-3E89-447D-BF42-9492A1BF7599}.Android|x86.ActiveCfg = Android|Any CPU
		{81B27F4D-3E89-447D-BF42-9492A1BF7599}.Debug|Any CPU.ActiveCfg = PSM|Any CPU
		{81B27F4D-3E89-447D-BF42-9492A1BF7599}.Debug|Mixed Platforms.ActiveCfg = PSM|Any CPU
		{81B27F4D-3E89-447D-BF42-9492A1BF7599}.Debug|x86.ActiveCfg = PSM|Any CPU
		{81B27F4D-3E89-447D-BF42-9492A1BF7599}.iOS|Any CPU.ActiveCfg = iOS|Any CPU
		{81B27F4D-3E89-447D-BF42-9492A1BF7599}.iOS|Mixed Platforms.ActiveCfg = iOS|Any CPU
		{81B27F4D-3E89-447D-BF42-9492A1BF7599}.iOS|x86.ActiveCfg = iOS|Any CPU
		{81B27F4D-3E89-447D-BF42-9492A1BF7599}.Linux|Any CPU.ActiveCfg = Linux|Any CPU
		{81B27F4D-3E89-447D-BF42-9492A1BF7599}.Linux|Mixed Platforms.ActiveCfg = Linux|Any CPU
		{81B27F4D-3E89-447D-BF42-9492A1BF7599}.Linux|x86.ActiveCfg = Linux|Any CPU
		{81B27F4D-3E89-447D-BF42-9492A1BF7599}.OSX|Any CPU.ActiveCfg = OSX|Any CPU
		{81B27F4D-3E89-447D-BF42-9492A1BF7599}.OSX|Mixed Platforms.ActiveCfg = OSX|Any CPU
		{81B27F4D-3E89-447D-BF42-9492A1BF7599}.OSX|x86.ActiveCfg = OSX|Any CPU
		{81B27F4D-3E89-447D-BF42-9492A1BF7599}.PSM|Any CPU.ActiveCfg = PSM|Any CPU
		{81B27F4D-3E89-447D-BF42-9492A1BF7599}.PSM|Mixed Platforms.ActiveCfg = PSM|Any CPU
		{81B27F4D-3E89-447D-BF42-9492A1BF7599}.PSM|x86.ActiveCfg = PSM|Any CPU
		{81B27F4D-3E89-447D-BF42-9492A1BF7599}.Release|Any CPU.ActiveCfg = PSM|Any CPU
		{81B27F4D-3E89-447D-BF42-9492A1BF7599}.Release|Mixed Platforms.ActiveCfg = PSM|Any CPU
		{81B27F4D-3E89-447D-BF42-9492A1BF7599}.Release|x86.ActiveCfg = PSM|Any CPU
		{81B27F4D-3E89-447D-BF42-9492A1BF7599}.Windows|Any CPU.ActiveCfg = Windows|Any CPU
		{81B27F4D-3E89-447D-BF42-9492A1BF7599}.Windows|Mixed Platforms.ActiveCfg = Windows|Any CPU
		{81B27F4D-3E89-447D-BF42-9492A1BF7599}.Windows|x86.ActiveCfg = Windows|Any CPU
		{81B27F4D-3E89-447D-BF42-9492A1BF7599}.Windows8|Any CPU.ActiveCfg = Windows8|Any CPU
		{81B27F4D-3E89-447D-BF42-9492A1BF7599}.Windows8|Mixed Platforms.ActiveCfg = Windows8|Any CPU
		{81B27F4D-3E89-447D-BF42-9492A1BF7599}.Windows8|x86.ActiveCfg = Windows8|Any CPU
		{25D1847C-BCB0-4D6F-BBA5-CD1DC9B8D295}.Android|Any CPU.ActiveCfg = Release|x86
		{25D1847C-BCB0-4D6F-BBA5-CD1DC9B8D295}.Android|Mixed Platforms.ActiveCfg = Release|x86
		{25D1847C-BCB0-4D6F-BBA5-CD1DC9B8D295}.Android|Mixed Platforms.Build.0 = Release|x86
		{25D1847C-BCB0-4D6F-BBA5-CD1DC9B8D295}.Android|x86.ActiveCfg = Release|x86
		{25D1847C-BCB0-4D6F-BBA5-CD1DC9B8D295}.Android|x86.Build.0 = Release|x86
		{25D1847C-BCB0-4D6F-BBA5-CD1DC9B8D295}.Debug|Any CPU.ActiveCfg = Debug|x86
		{25D1847C-BCB0-4D6F-BBA5-CD1DC9B8D295}.Debug|Mixed Platforms.ActiveCfg = Debug|x86
		{25D1847C-BCB0-4D6F-BBA5-CD1DC9B8D295}.Debug|Mixed Platforms.Build.0 = Debug|x86
		{25D1847C-BCB0-4D6F-BBA5-CD1DC9B8D295}.Debug|x86.ActiveCfg = Debug|x86
		{25D1847C-BCB0-4D6F-BBA5-CD1DC9B8D295}.Debug|x86.Build.0 = Debug|x86
		{25D1847C-BCB0-4D6F-BBA5-CD1DC9B8D295}.iOS|Any CPU.ActiveCfg = Release|x86
		{25D1847C-BCB0-4D6F-BBA5-CD1DC9B8D295}.iOS|Mixed Platforms.ActiveCfg = Release|x86
		{25D1847C-BCB0-4D6F-BBA5-CD1DC9B8D295}.iOS|Mixed Platforms.Build.0 = Release|x86
		{25D1847C-BCB0-4D6F-BBA5-CD1DC9B8D295}.iOS|x86.ActiveCfg = Release|x86
		{25D1847C-BCB0-4D6F-BBA5-CD1DC9B8D295}.iOS|x86.Build.0 = Release|x86
		{25D1847C-BCB0-4D6F-BBA5-CD1DC9B8D295}.Linux|Any CPU.ActiveCfg = Release|x86
		{25D1847C-BCB0-4D6F-BBA5-CD1DC9B8D295}.Linux|Mixed Platforms.ActiveCfg = Release|x86
		{25D1847C-BCB0-4D6F-BBA5-CD1DC9B8D295}.Linux|Mixed Platforms.Build.0 = Release|x86
		{25D1847C-BCB0-4D6F-BBA5-CD1DC9B8D295}.Linux|x86.ActiveCfg = Release|x86
		{25D1847C-BCB0-4D6F-BBA5-CD1DC9B8D295}.Linux|x86.Build.0 = Release|x86
		{25D1847C-BCB0-4D6F-BBA5-CD1DC9B8D295}.OSX|Any CPU.ActiveCfg = Release|x86
		{25D1847C-BCB0-4D6F-BBA5-CD1DC9B8D295}.OSX|Mixed Platforms.ActiveCfg = Release|x86
		{25D1847C-BCB0-4D6F-BBA5-CD1DC9B8D295}.OSX|Mixed Platforms.Build.0 = Release|x86
		{25D1847C-BCB0-4D6F-BBA5-CD1DC9B8D295}.OSX|x86.ActiveCfg = Release|x86
		{25D1847C-BCB0-4D6F-BBA5-CD1DC9B8D295}.OSX|x86.Build.0 = Release|x86
		{25D1847C-BCB0-4D6F-BBA5-CD1DC9B8D295}.PSM|Any CPU.ActiveCfg = Release|x86
		{25D1847C-BCB0-4D6F-BBA5-CD1DC9B8D295}.PSM|Mixed Platforms.ActiveCfg = Release|x86
		{25D1847C-BCB0-4D6F-BBA5-CD1DC9B8D295}.PSM|Mixed Platforms.Build.0 = Release|x86
		{25D1847C-BCB0-4D6F-BBA5-CD1DC9B8D295}.PSM|x86.ActiveCfg = Release|x86
		{25D1847C-BCB0-4D6F-BBA5-CD1DC9B8D295}.PSM|x86.Build.0 = Release|x86
		{25D1847C-BCB0-4D6F-BBA5-CD1DC9B8D295}.Release|Any CPU.ActiveCfg = Release|x86
		{25D1847C-BCB0-4D6F-BBA5-CD1DC9B8D295}.Release|Mixed Platforms.ActiveCfg = Release|x86
		{25D1847C-BCB0-4D6F-BBA5-CD1DC9B8D295}.Release|Mixed Platforms.Build.0 = Release|x86
		{25D1847C-BCB0-4D6F-BBA5-CD1DC9B8D295}.Release|x86.ActiveCfg = Release|x86
		{25D1847C-BCB0-4D6F-BBA5-CD1DC9B8D295}.Release|x86.Build.0 = Release|x86
		{25D1847C-BCB0-4D6F-BBA5-CD1DC9B8D295}.Windows|Any CPU.ActiveCfg = Release|x86
		{25D1847C-BCB0-4D6F-BBA5-CD1DC9B8D295}.Windows|Mixed Platforms.ActiveCfg = Release|x86
		{25D1847C-BCB0-4D6F-BBA5-CD1DC9B8D295}.Windows|Mixed Platforms.Build.0 = Release|x86
		{25D1847C-BCB0-4D6F-BBA5-CD1DC9B8D295}.Windows|x86.ActiveCfg = Release|x86
		{25D1847C-BCB0-4D6F-BBA5-CD1DC9B8D295}.Windows|x86.Build.0 = Release|x86
		{25D1847C-BCB0-4D6F-BBA5-CD1DC9B8D295}.Windows8|Any CPU.ActiveCfg = Release|x86
		{25D1847C-BCB0-4D6F-BBA5-CD1DC9B8D295}.Windows8|Mixed Platforms.ActiveCfg = Release|x86
		{25D1847C-BCB0-4D6F-BBA5-CD1DC9B8D295}.Windows8|Mixed Platforms.Build.0 = Release|x86
		{25D1847C-BCB0-4D6F-BBA5-CD1DC9B8D295}.Windows8|x86.ActiveCfg = Release|x86
		{25D1847C-BCB0-4D6F-BBA5-CD1DC9B8D295}.Windows8|x86.Build.0 = Release|x86
		{08EE2F98-8CB1-41D1-8D7D-E61D4782825B}.Android|Any CPU.ActiveCfg = Release|x86
		{08EE2F98-8CB1-41D1-8D7D-E61D4782825B}.Android|Mixed Platforms.ActiveCfg = Release|x86
		{08EE2F98-8CB1-41D1-8D7D-E61D4782825B}.Android|Mixed Platforms.Build.0 = Release|x86
		{08EE2F98-8CB1-41D1-8D7D-E61D4782825B}.Android|x86.ActiveCfg = Release|x86
		{08EE2F98-8CB1-41D1-8D7D-E61D4782825B}.Android|x86.Build.0 = Release|x86
		{08EE2F98-8CB1-41D1-8D7D-E61D4782825B}.Debug|Any CPU.ActiveCfg = Debug|x86
		{08EE2F98-8CB1-41D1-8D7D-E61D4782825B}.Debug|Mixed Platforms.ActiveCfg = Debug|x86
		{08EE2F98-8CB1-41D1-8D7D-E61D4782825B}.Debug|Mixed Platforms.Build.0 = Debug|x86
		{08EE2F98-8CB1-41D1-8D7D-E61D4782825B}.Debug|x86.ActiveCfg = Debug|x86
		{08EE2F98-8CB1-41D1-8D7D-E61D4782825B}.Debug|x86.Build.0 = Debug|x86
		{08EE2F98-8CB1-41D1-8D7D-E61D4782825B}.iOS|Any CPU.ActiveCfg = Release|x86
		{08EE2F98-8CB1-41D1-8D7D-E61D4782825B}.iOS|Mixed Platforms.ActiveCfg = Release|x86
		{08EE2F98-8CB1-41D1-8D7D-E61D4782825B}.iOS|Mixed Platforms.Build.0 = Release|x86
		{08EE2F98-8CB1-41D1-8D7D-E61D4782825B}.iOS|x86.ActiveCfg = Release|x86
		{08EE2F98-8CB1-41D1-8D7D-E61D4782825B}.iOS|x86.Build.0 = Release|x86
		{08EE2F98-8CB1-41D1-8D7D-E61D4782825B}.Linux|Any CPU.ActiveCfg = Release|x86
		{08EE2F98-8CB1-41D1-8D7D-E61D4782825B}.Linux|Mixed Platforms.ActiveCfg = Release|x86
		{08EE2F98-8CB1-41D1-8D7D-E61D4782825B}.Linux|Mixed Platforms.Build.0 = Release|x86
		{08EE2F98-8CB1-41D1-8D7D-E61D4782825B}.Linux|x86.ActiveCfg = Release|x86
		{08EE2F98-8CB1-41D1-8D7D-E61D4782825B}.Linux|x86.Build.0 = Release|x86
		{08EE2F98-8CB1-41D1-8D7D-E61D4782825B}.OSX|Any CPU.ActiveCfg = Release|x86
		{08EE2F98-8CB1-41D1-8D7D-E61D4782825B}.OSX|Mixed Platforms.ActiveCfg = Release|x86
		{08EE2F98-8CB1-41D1-8D7D-E61D4782825B}.OSX|Mixed Platforms.Build.0 = Release|x86
		{08EE2F98-8CB1-41D1-8D7D-E61D4782825B}.OSX|x86.ActiveCfg = Release|x86
		{08EE2F98-8CB1-41D1-8D7D-E61D4782825B}.OSX|x86.Build.0 = Release|x86
		{08EE2F98-8CB1-41D1-8D7D-E61D4782825B}.PSM|Any CPU.ActiveCfg = Release|x86
		{08EE2F98-8CB1-41D1-8D7D-E61D4782825B}.PSM|Mixed Platforms.ActiveCfg = Release|x86
		{08EE2F98-8CB1-41D1-8D7D-E61D4782825B}.PSM|Mixed Platforms.Build.0 = Release|x86
		{08EE2F98-8CB1-41D1-8D7D-E61D4782825B}.PSM|x86.ActiveCfg = Release|x86
		{08EE2F98-8CB1-41D1-8D7D-E61D4782825B}.PSM|x86.Build.0 = Release|x86
		{08EE2F98-8CB1-41D1-8D7D-E61D4782825B}.Release|Any CPU.ActiveCfg = Release|x86
		{08EE2F98-8CB1-41D1-8D7D-E61D4782825B}.Release|Mixed Platforms.ActiveCfg = Release|x86
		{08EE2F98-8CB1-41D1-8D7D-E61D4782825B}.Release|Mixed Platforms.Build.0 = Release|x86
		{08EE2F98-8CB1-41D1-8D7D-E61D4782825B}.Release|x86.ActiveCfg = Release|x86
		{08EE2F98-8CB1-41D1-8D7D-E61D4782825B}.Release|x86.Build.0 = Release|x86
		{08EE2F98-8CB1-41D1-8D7D-E61D4782825B}.Windows|Any CPU.ActiveCfg = Release|x86
		{08EE2F98-8CB1-41D1-8D7D-E61D4782825B}.Windows|Mixed Platforms.ActiveCfg = Release|x86
		{08EE2F98-8CB1-41D1-8D7D-E61D4782825B}.Windows|Mixed Platforms.Build.0 = Release|x86
		{08EE2F98-8CB1-41D1-8D7D-E61D4782825B}.Windows|x86.ActiveCfg = Release|x86
		{08EE2F98-8CB1-41D1-8D7D-E61D4782825B}.Windows|x86.Build.0 = Release|x86
		{08EE2F98-8CB1-41D1-8D7D-E61D4782825B}.Windows8|Any CPU.ActiveCfg = Release|x86
		{08EE2F98-8CB1-41D1-8D7D-E61D4782825B}.Windows8|Mixed Platforms.ActiveCfg = Release|x86
		{08EE2F98-8CB1-41D1-8D7D-E61D4782825B}.Windows8|Mixed Platforms.Build.0 = Release|x86
		{08EE2F98-8CB1-41D1-8D7D-E61D4782825B}.Windows8|x86.ActiveCfg = Release|x86
		{08EE2F98-8CB1-41D1-8D7D-E61D4782825B}.Windows8|x86.Build.0 = Release|x86
		{53F9B2E4-C56A-40F2-BCA8-BBA65B4AF38F}.Android|Any CPU.ActiveCfg = Release|x86
		{53F9B2E4-C56A-40F2-BCA8-BBA65B4AF38F}.Android|Mixed Platforms.ActiveCfg = Release|x86
		{53F9B2E4-C56A-40F2-BCA8-BBA65B4AF38F}.Android|x86.ActiveCfg = Release|x86
		{53F9B2E4-C56A-40F2-BCA8-BBA65B4AF38F}.Debug|Any CPU.ActiveCfg = Debug|x86
		{53F9B2E4-C56A-40F2-BCA8-BBA65B4AF38F}.Debug|Mixed Platforms.ActiveCfg = Debug|x86
		{53F9B2E4-C56A-40F2-BCA8-BBA65B4AF38F}.Debug|x86.ActiveCfg = Debug|x86
		{53F9B2E4-C56A-40F2-BCA8-BBA65B4AF38F}.iOS|Any CPU.ActiveCfg = Release|x86
		{53F9B2E4-C56A-40F2-BCA8-BBA65B4AF38F}.iOS|Mixed Platforms.ActiveCfg = Release|x86
		{53F9B2E4-C56A-40F2-BCA8-BBA65B4AF38F}.iOS|x86.ActiveCfg = Release|x86
		{53F9B2E4-C56A-40F2-BCA8-BBA65B4AF38F}.Linux|Any CPU.ActiveCfg = Release|x86
		{53F9B2E4-C56A-40F2-BCA8-BBA65B4AF38F}.Linux|Mixed Platforms.ActiveCfg = Release|x86
		{53F9B2E4-C56A-40F2-BCA8-BBA65B4AF38F}.Linux|x86.ActiveCfg = Release|x86
		{53F9B2E4-C56A-40F2-BCA8-BBA65B4AF38F}.OSX|Any CPU.ActiveCfg = Release|x86
		{53F9B2E4-C56A-40F2-BCA8-BBA65B4AF38F}.OSX|Mixed Platforms.ActiveCfg = Release|x86
		{53F9B2E4-C56A-40F2-BCA8-BBA65B4AF38F}.OSX|x86.ActiveCfg = Release|x86
		{53F9B2E4-C56A-40F2-BCA8-BBA65B4AF38F}.PSM|Any CPU.ActiveCfg = Release|x86
		{53F9B2E4-C56A-40F2-BCA8-BBA65B4AF38F}.PSM|Mixed Platforms.ActiveCfg = Release|x86
		{53F9B2E4-C56A-40F2-BCA8-BBA65B4AF38F}.PSM|x86.ActiveCfg = Release|x86
		{53F9B2E4-C56A-40F2-BCA8-BBA65B4AF38F}.Release|Any CPU.ActiveCfg = Release|x86
		{53F9B2E4-C56A-40F2-BCA8-BBA65B4AF38F}.Release|Mixed Platforms.ActiveCfg = Release|x86
		{53F9B2E4-C56A-40F2-BCA8-BBA65B4AF38F}.Release|x86.ActiveCfg = Release|x86
		{53F9B2E4-C56A-40F2-BCA8-BBA65B4AF38F}.Windows|Any CPU.ActiveCfg = Release|x86
		{53F9B2E4-C56A-40F2-BCA8-BBA65B4AF38F}.Windows|Mixed Platforms.ActiveCfg = Release|x86
		{53F9B2E4-C56A-40F2-BCA8-BBA65B4AF38F}.Windows|x86.ActiveCfg = Release|x86
		{53F9B2E4-C56A-40F2-BCA8-BBA65B4AF38F}.Windows8|Any CPU.ActiveCfg = Release|x86
		{53F9B2E4-C56A-40F2-BCA8-BBA65B4AF38F}.Windows8|Mixed Platforms.ActiveCfg = Release|x86
		{53F9B2E4-C56A-40F2-BCA8-BBA65B4AF38F}.Windows8|x86.ActiveCfg = Release|x86
	EndGlobalSection
	GlobalSection(SolutionProperties) = preSolution
		HideSolutionNode = FALSE
	EndGlobalSection
EndGlobal
